
Microsoft Visual Studio Solution File, Format Version 12.00
# Visual Studio Version 17
VisualStudioVersion = 17.3.32825.248
MinimumVisualStudioVersion = 10.0.40219.1
Project("{9A19103F-16F7-4668-BE54-9A1E7A4F7556}") = "Lesson_01", "Lesson_01\Lesson_01.csproj", "{D5B3A470-A1D4-4E5F-A5F0-E481A86EEB32}"
EndProject
Project("{9A19103F-16F7-4668-BE54-9A1E7A4F7556}") = "EmployeeService", "EmployeeService\EmployeeService.csproj", "{57218719-05D0-4F5B-8E0A-DC606F44C1D4}"
EndProject
Project("{9A19103F-16F7-4668-BE54-9A1E7A4F7556}") = "EmployeeServiceData", "EmployeeServiceData\EmployeeServiceData.csproj", "{6EBD3181-A8D3-4D8E-837E-0C7D2B4BF309}"
EndProject
Project("{9A19103F-16F7-4668-BE54-9A1E7A4F7556}") = "JwtSample", "JwtSample\JwtSample.csproj", "{43E44AB1-BFD1-48E1-A147-656AFA1C13A4}"
EndProject
Project("{9A19103F-16F7-4668-BE54-9A1E7A4F7556}") = "AccountHelper", "AccountHelper\AccountHelper.csproj", "{D48E1AA8-0098-43AA-A5DE-CDEFA854D005}"
EndProject
Project("{9A19103F-16F7-4668-BE54-9A1E7A4F7556}") = "EmployeeClient", "EmployeeClient\EmployeeClient.csproj", "{4C5FA8CB-DB37-4CC2-9004-47185758EE8A}"
EndProject
Global
	GlobalSection(SolutionConfigurationPlatforms) = preSolution
		Debug|Any CPU = Debug|Any CPU
		Release|Any CPU = Release|Any CPU
	EndGlobalSection
	GlobalSection(ProjectConfigurationPlatforms) = postSolution
		{D5B3A470-A1D4-4E5F-A5F0-E481A86EEB32}.Debug|Any CPU.ActiveCfg = Debug|Any CPU
		{D5B3A470-A1D4-4E5F-A5F0-E481A86EEB32}.Debug|Any CPU.Build.0 = Debug|Any CPU
		{D5B3A470-A1D4-4E5F-A5F0-E481A86EEB32}.Release|Any CPU.ActiveCfg = Release|Any CPU
		{D5B3A470-A1D4-4E5F-A5F0-E481A86EEB32}.Release|Any CPU.Build.0 = Release|Any CPU
		{57218719-05D0-4F5B-8E0A-DC606F44C1D4}.Debug|Any CPU.ActiveCfg = Debug|Any CPU
		{57218719-05D0-4F5B-8E0A-DC606F44C1D4}.Debug|Any CPU.Build.0 = Debug|Any CPU
		{57218719-05D0-4F5B-8E0A-DC606F44C1D4}.Release|Any CPU.ActiveCfg = Release|Any CPU
		{57218719-05D0-4F5B-8E0A-DC606F44C1D4}.Release|Any CPU.Build.0 = Release|Any CPU
		{6EBD3181-A8D3-4D8E-837E-0C7D2B4BF309}.Debug|Any CPU.ActiveCfg = Debug|Any CPU
		{6EBD3181-A8D3-4D8E-837E-0C7D2B4BF309}.Debug|Any CPU.Build.0 = Debug|Any CPU
		{6EBD3181-A8D3-4D8E-837E-0C7D2B4BF309}.Release|Any CPU.ActiveCfg = Release|Any CPU
		{6EBD3181-A8D3-4D8E-837E-0C7D2B4BF309}.Release|Any CPU.Build.0 = Release|Any CPU
		{43E44AB1-BFD1-48E1-A147-656AFA1C13A4}.Debug|Any CPU.ActiveCfg = Debug|Any CPU
		{43E44AB1-BFD1-48E1-A147-656AFA1C13A4}.Debug|Any CPU.Build.0 = Debug|Any CPU
		{43E44AB1-BFD1-48E1-A147-656AFA1C13A4}.Release|Any CPU.ActiveCfg = Release|Any CPU
		{43E44AB1-BFD1-48E1-A147-656AFA1C13A4}.Release|Any CPU.Build.0 = Release|Any CPU
		{D48E1AA8-0098-43AA-A5DE-CDEFA854D005}.Debug|Any CPU.ActiveCfg = Debug|Any CPU
		{D48E1AA8-0098-43AA-A5DE-CDEFA854D005}.Debug|Any CPU.Build.0 = Debug|Any CPU
		{D48E1AA8-0098-43AA-A5DE-CDEFA854D005}.Release|Any CPU.ActiveCfg = Release|Any CPU
		{D48E1AA8-0098-43AA-A5DE-CDEFA854D005}.Release|Any CPU.Build.0 = Release|Any CPU
		{4C5FA8CB-DB37-4CC2-9004-47185758EE8A}.Debug|Any CPU.ActiveCfg = Debug|Any CPU
		{4C5FA8CB-DB37-4CC2-9004-47185758EE8A}.Debug|Any CPU.Build.0 = Debug|Any CPU
		{4C5FA8CB-DB37-4CC2-9004-47185758EE8A}.Release|Any CPU.ActiveCfg = Release|Any CPU
		{4C5FA8CB-DB37-4CC2-9004-47185758EE8A}.Release|Any CPU.Build.0 = Release|Any CPU
	EndGlobalSection
	GlobalSection(SolutionProperties) = preSolution
		HideSolutionNode = FALSE
	EndGlobalSection
	GlobalSection(ExtensibilityGlobals) = postSolution
		SolutionGuid = {3D451EE7-8B53-4FCC-AF63-51B9CE84E4F6}
	EndGlobalSection
EndGlobal
