
Microsoft Visual Studio Solution File, Format Version 12.00
# Visual Studio Version 17
VisualStudioVersion = 17.3.32825.248
MinimumVisualStudioVersion = 10.0.40219.1
Project("{9A19103F-16F7-4668-BE54-9A1E7A4F7556}") = "Lesson_01", "Lesson_01\Lesson_01.csproj", "{D5B3A470-A1D4-4E5F-A5F0-E481A86EEB32}"
EndProject
Project("{FAE04EC0-301F-11D3-BF4B-00C04F79EFBC}") = "EmployeeService", "EmployeeService\EmployeeService.csproj", "{57218719-05D0-4F5B-8E0A-DC606F44C1D4}"
EndProject
Global
	GlobalSection(SolutionConfigurationPlatforms) = preSolution
		Debug|Any CPU = Debug|Any CPU
		Release|Any CPU = Release|Any CPU
	EndGlobalSection
	GlobalSection(ProjectConfigurationPlatforms) = postSolution
		{D5B3A470-A1D4-4E5F-A5F0-E481A86EEB32}.Debug|Any CPU.ActiveCfg = Debug|Any CPU
		{D5B3A470-A1D4-4E5F-A5F0-E481A86EEB32}.Debug|Any CPU.Build.0 = Debug|Any CPU
		{D5B3A470-A1D4-4E5F-A5F0-E481A86EEB32}.Release|Any CPU.ActiveCfg = Release|Any CPU
		{D5B3A470-A1D4-4E5F-A5F0-E481A86EEB32}.Release|Any CPU.Build.0 = Release|Any CPU
		{57218719-05D0-4F5B-8E0A-DC606F44C1D4}.Debug|Any CPU.ActiveCfg = Debug|Any CPU
		{57218719-05D0-4F5B-8E0A-DC606F44C1D4}.Debug|Any CPU.Build.0 = Debug|Any CPU
		{57218719-05D0-4F5B-8E0A-DC606F44C1D4}.Release|Any CPU.ActiveCfg = Release|Any CPU
		{57218719-05D0-4F5B-8E0A-DC606F44C1D4}.Release|Any CPU.Build.0 = Release|Any CPU
	EndGlobalSection
	GlobalSection(SolutionProperties) = preSolution
		HideSolutionNode = FALSE
	EndGlobalSection
	GlobalSection(ExtensibilityGlobals) = postSolution
		SolutionGuid = {3D451EE7-8B53-4FCC-AF63-51B9CE84E4F6}
	EndGlobalSection
EndGlobal
